// !$*UTF8*$!
{
	archiveVersion = 1;
	classes = {
	};
	objectVersion = 46;
	objects = {

/* Begin PBXBuildFile section */
		982699D31F61ECFF00B87993 /* main.m in Sources */ = {isa = PBXBuildFile; fileRef = 982699D21F61ECFF00B87993 /* main.m */; };
		982699D61F61ECFF00B87993 /* AppDelegate.m in Sources */ = {isa = PBXBuildFile; fileRef = 982699D51F61ECFF00B87993 /* AppDelegate.m */; };
		982699D91F61ECFF00B87993 /* ViewController.m in Sources */ = {isa = PBXBuildFile; fileRef = 982699D81F61ECFF00B87993 /* ViewController.m */; };
		982699DC1F61ECFF00B87993 /* Main.storyboard in Resources */ = {isa = PBXBuildFile; fileRef = 982699DA1F61ECFF00B87993 /* Main.storyboard */; };
		982699DE1F61ECFF00B87993 /* Assets.xcassets in Resources */ = {isa = PBXBuildFile; fileRef = 982699DD1F61ECFF00B87993 /* Assets.xcassets */; };
		982699E11F61ECFF00B87993 /* LaunchScreen.storyboard in Resources */ = {isa = PBXBuildFile; fileRef = 982699DF1F61ECFF00B87993 /* LaunchScreen.storyboard */; };
		982699EC1F61ECFF00B87993 /* YelpStudyTests.m in Sources */ = {isa = PBXBuildFile; fileRef = 982699EB1F61ECFF00B87993 /* YelpStudyTests.m */; };
		982699F71F61ECFF00B87993 /* YelpStudyUITests.m in Sources */ = {isa = PBXBuildFile; fileRef = 982699F61F61ECFF00B87993 /* YelpStudyUITests.m */; };
/* End PBXBuildFile section */

/* Begin PBXContainerItemProxy section */
		982699E81F61ECFF00B87993 /* PBXContainerItemProxy */ = {
			isa = PBXContainerItemProxy;
			containerPortal = 982699C61F61ECFE00B87993 /* Project object */;
			proxyType = 1;
			remoteGlobalIDString = 982699CD1F61ECFE00B87993;
			remoteInfo = YelpStudy;
		};
		982699F31F61ECFF00B87993 /* PBXContainerItemProxy */ = {
			isa = PBXContainerItemProxy;
			containerPortal = 982699C61F61ECFE00B87993 /* Project object */;
			proxyType = 1;
			remoteGlobalIDString = 982699CD1F61ECFE00B87993;
			remoteInfo = YelpStudy;
		};
/* End PBXContainerItemProxy section */

/* Begin PBXFileReference section */
		982699CE1F61ECFE00B87993 /* YelpStudy.app */ = {isa = PBXFileReference; explicitFileType = wrapper.application; includeInIndex = 0; path = YelpStudy.app; sourceTree = BUILT_PRODUCTS_DIR; };
		982699D21F61ECFF00B87993 /* main.m */ = {isa = PBXFileReference; lastKnownFileType = sourcecode.c.objc; path = main.m; sourceTree = "<group>"; };
		982699D41F61ECFF00B87993 /* AppDelegate.h */ = {isa = PBXFileReference; lastKnownFileType = sourcecode.c.h; path = AppDelegate.h; sourceTree = "<group>"; };
		982699D51F61ECFF00B87993 /* AppDelegate.m */ = {isa = PBXFileReference; lastKnownFileType = sourcecode.c.objc; path = AppDelegate.m; sourceTree = "<group>"; };
		982699D71F61ECFF00B87993 /* ViewController.h */ = {isa = PBXFileReference; lastKnownFileType = sourcecode.c.h; path = ViewController.h; sourceTree = "<group>"; };
		982699D81F61ECFF00B87993 /* ViewController.m */ = {isa = PBXFileReference; lastKnownFileType = sourcecode.c.objc; path = ViewController.m; sourceTree = "<group>"; };
		982699DB1F61ECFF00B87993 /* Base */ = {isa = PBXFileReference; lastKnownFileType = file.storyboard; name = Base; path = Base.lproj/Main.storyboard; sourceTree = "<group>"; };
		982699DD1F61ECFF00B87993 /* Assets.xcassets */ = {isa = PBXFileReference; lastKnownFileType = folder.assetcatalog; path = Assets.xcassets; sourceTree = "<group>"; };
		982699E01F61ECFF00B87993 /* Base */ = {isa = PBXFileReference; lastKnownFileType = file.storyboard; name = Base; path = Base.lproj/LaunchScreen.storyboard; sourceTree = "<group>"; };
		982699E21F61ECFF00B87993 /* Info.plist */ = {isa = PBXFileReference; lastKnownFileType = text.plist.xml; path = Info.plist; sourceTree = "<group>"; };
		982699E71F61ECFF00B87993 /* YelpStudyTests.xctest */ = {isa = PBXFileReference; explicitFileType = wrapper.cfbundle; includeInIndex = 0; path = YelpStudyTests.xctest; sourceTree = BUILT_PRODUCTS_DIR; };
		982699EB1F61ECFF00B87993 /* YelpStudyTests.m */ = {isa = PBXFileReference; lastKnownFileType = sourcecode.c.objc; path = YelpStudyTests.m; sourceTree = "<group>"; };
		982699ED1F61ECFF00B87993 /* Info.plist */ = {isa = PBXFileReference; lastKnownFileType = text.plist.xml; path = Info.plist; sourceTree = "<group>"; };
		982699F21F61ECFF00B87993 /* YelpStudyUITests.xctest */ = {isa = PBXFileReference; explicitFileType = wrapper.cfbundle; includeInIndex = 0; path = YelpStudyUITests.xctest; sourceTree = BUILT_PRODUCTS_DIR; };
		982699F61F61ECFF00B87993 /* YelpStudyUITests.m */ = {isa = PBXFileReference; lastKnownFileType = sourcecode.c.objc; path = YelpStudyUITests.m; sourceTree = "<group>"; };
		982699F81F61ECFF00B87993 /* Info.plist */ = {isa = PBXFileReference; lastKnownFileType = text.plist.xml; path = Info.plist; sourceTree = "<group>"; };
/* End PBXFileReference section */

/* Begin PBXFrameworksBuildPhase section */
		982699CB1F61ECFE00B87993 /* Frameworks */ = {
			isa = PBXFrameworksBuildPhase;
			buildActionMask = 2147483647;
			files = (
			);
			runOnlyForDeploymentPostprocessing = 0;
		};
		982699E41F61ECFF00B87993 /* Frameworks */ = {
			isa = PBXFrameworksBuildPhase;
			buildActionMask = 2147483647;
			files = (
			);
			runOnlyForDeploymentPostprocessing = 0;
		};
		982699EF1F61ECFF00B87993 /* Frameworks */ = {
			isa = PBXFrameworksBuildPhase;
			buildActionMask = 2147483647;
			files = (
			);
			runOnlyForDeploymentPostprocessing = 0;
		};
/* End PBXFrameworksBuildPhase section */

/* Begin PBXGroup section */
		982699C51F61ECFE00B87993 = {
			isa = PBXGroup;
			children = (
				982699D01F61ECFE00B87993 /* YelpStudy */,
				982699EA1F61ECFF00B87993 /* YelpStudyTests */,
				982699F51F61ECFF00B87993 /* YelpStudyUITests */,
				982699CF1F61ECFE00B87993 /* Products */,
			);
			sourceTree = "<group>";
		};
		982699CF1F61ECFE00B87993 /* Products */ = {
			isa = PBXGroup;
			children = (
				982699CE1F61ECFE00B87993 /* YelpStudy.app */,
				982699E71F61ECFF00B87993 /* YelpStudyTests.xctest */,
				982699F21F61ECFF00B87993 /* YelpStudyUITests.xctest */,
			);
			name = Products;
			sourceTree = "<group>";
		};
		982699D01F61ECFE00B87993 /* YelpStudy */ = {
			isa = PBXGroup;
			children = (
				982699D41F61ECFF00B87993 /* AppDelegate.h */,
				982699D51F61ECFF00B87993 /* AppDelegate.m */,
				982699D71F61ECFF00B87993 /* ViewController.h */,
				982699D81F61ECFF00B87993 /* ViewController.m */,
				982699DA1F61ECFF00B87993 /* Main.storyboard */,
				982699DD1F61ECFF00B87993 /* Assets.xcassets */,
				982699DF1F61ECFF00B87993 /* LaunchScreen.storyboard */,
				982699E21F61ECFF00B87993 /* Info.plist */,
				982699D11F61ECFE00B87993 /* Supporting Files */,
			);
			path = YelpStudy;
			sourceTree = "<group>";
		};
		982699D11F61ECFE00B87993 /* Supporting Files */ = {
			isa = PBXGroup;
			children = (
				982699D21F61ECFF00B87993 /* main.m */,
			);
			name = "Supporting Files";
			sourceTree = "<group>";
		};
		982699EA1F61ECFF00B87993 /* YelpStudyTests */ = {
			isa = PBXGroup;
			children = (
				982699EB1F61ECFF00B87993 /* YelpStudyTests.m */,
				982699ED1F61ECFF00B87993 /* Info.plist */,
			);
			path = YelpStudyTests;
			sourceTree = "<group>";
		};
		982699F51F61ECFF00B87993 /* YelpStudyUITests */ = {
			isa = PBXGroup;
			children = (
				982699F61F61ECFF00B87993 /* YelpStudyUITests.m */,
				982699F81F61ECFF00B87993 /* Info.plist */,
			);
			path = YelpStudyUITests;
			sourceTree = "<group>";
		};
/* End PBXGroup section */

/* Begin PBXNativeTarget section */
		982699CD1F61ECFE00B87993 /* YelpStudy */ = {
			isa = PBXNativeTarget;
			buildConfigurationList = 982699FB1F61ECFF00B87993 /* Build configuration list for PBXNativeTarget "YelpStudy" */;
			buildPhases = (
				982699CA1F61ECFE00B87993 /* Sources */,
				982699CB1F61ECFE00B87993 /* Frameworks */,
				982699CC1F61ECFE00B87993 /* Resources */,
			);
			buildRules = (
			);
			dependencies = (
			);
			name = YelpStudy;
			productName = YelpStudy;
			productReference = 982699CE1F61ECFE00B87993 /* YelpStudy.app */;
			productType = "com.apple.product-type.application";
		};
		982699E61F61ECFF00B87993 /* YelpStudyTests */ = {
			isa = PBXNativeTarget;
			buildConfigurationList = 982699FE1F61ECFF00B87993 /* Build configuration list for PBXNativeTarget "YelpStudyTests" */;
			buildPhases = (
				982699E31F61ECFF00B87993 /* Sources */,
				982699E41F61ECFF00B87993 /* Frameworks */,
				982699E51F61ECFF00B87993 /* Resources */,
			);
			buildRules = (
			);
			dependencies = (
				982699E91F61ECFF00B87993 /* PBXTargetDependency */,
			);
			name = YelpStudyTests;
			productName = YelpStudyTests;
			productReference = 982699E71F61ECFF00B87993 /* YelpStudyTests.xctest */;
			productType = "com.apple.product-type.bundle.unit-test";
		};
		982699F11F61ECFF00B87993 /* YelpStudyUITests */ = {
			isa = PBXNativeTarget;
			buildConfigurationList = 98269A011F61ECFF00B87993 /* Build configuration list for PBXNativeTarget "YelpStudyUITests" */;
			buildPhases = (
				982699EE1F61ECFF00B87993 /* Sources */,
				982699EF1F61ECFF00B87993 /* Frameworks */,
				982699F01F61ECFF00B87993 /* Resources */,
			);
			buildRules = (
			);
			dependencies = (
				982699F41F61ECFF00B87993 /* PBXTargetDependency */,
			);
			name = YelpStudyUITests;
			productName = YelpStudyUITests;
			productReference = 982699F21F61ECFF00B87993 /* YelpStudyUITests.xctest */;
			productType = "com.apple.product-type.bundle.ui-testing";
		};
/* End PBXNativeTarget section */

/* Begin PBXProject section */
		982699C61F61ECFE00B87993 /* Project object */ = {
			isa = PBXProject;
			attributes = {
				LastUpgradeCheck = 0830;
				ORGANIZATIONNAME = "Wenting Ruan";
				TargetAttributes = {
					982699CD1F61ECFE00B87993 = {
						CreatedOnToolsVersion = 8.3.3;
						ProvisioningStyle = Automatic;
					};
					982699E61F61ECFF00B87993 = {
						CreatedOnToolsVersion = 8.3.3;
						ProvisioningStyle = Automatic;
						TestTargetID = 982699CD1F61ECFE00B87993;
					};
					982699F11F61ECFF00B87993 = {
						CreatedOnToolsVersion = 8.3.3;
						ProvisioningStyle = Automatic;
						TestTargetID = 982699CD1F61ECFE00B87993;
					};
				};
			};
			buildConfigurationList = 982699C91F61ECFE00B87993 /* Build configuration list for PBXProject "YelpStudy" */;
			compatibilityVersion = "Xcode 3.2";
			developmentRegion = English;
			hasScannedForEncodings = 0;
			knownRegions = (
				en,
				Base,
			);
			mainGroup = 982699C51F61ECFE00B87993;
			productRefGroup = 982699CF1F61ECFE00B87993 /* Products */;
			projectDirPath = "";
			projectRoot = "";
			targets = (
				982699CD1F61ECFE00B87993 /* YelpStudy */,
				982699E61F61ECFF00B87993 /* YelpStudyTests */,
				982699F11F61ECFF00B87993 /* YelpStudyUITests */,
			);
		};
/* End PBXProject section */

/* Begin PBXResourcesBuildPhase section */
		982699CC1F61ECFE00B87993 /* Resources */ = {
			isa = PBXResourcesBuildPhase;
			buildActionMask = 2147483647;
			files = (
				982699E11F61ECFF00B87993 /* LaunchScreen.storyboard in Resources */,
				982699DE1F61ECFF00B87993 /* Assets.xcassets in Resources */,
				982699DC1F61ECFF00B87993 /* Main.storyboard in Resources */,
			);
			runOnlyForDeploymentPostprocessing = 0;
		};
		982699E51F61ECFF00B87993 /* Resources */ = {
			isa = PBXResourcesBuildPhase;
			buildActionMask = 2147483647;
			files = (
			);
			runOnlyForDeploymentPostprocessing = 0;
		};
		982699F01F61ECFF00B87993 /* Resources */ = {
			isa = PBXResourcesBuildPhase;
			buildActionMask = 2147483647;
			files = (
			);
			runOnlyForDeploymentPostprocessing = 0;
		};
/* End PBXResourcesBuildPhase section */

/* Begin PBXSourcesBuildPhase section */
		982699CA1F61ECFE00B87993 /* Sources */ = {
			isa = PBXSourcesBuildPhase;
			buildActionMask = 2147483647;
			files = (
				982699D91F61ECFF00B87993 /* ViewController.m in Sources */,
				982699D61F61ECFF00B87993 /* AppDelegate.m in Sources */,
				982699D31F61ECFF00B87993 /* main.m in Sources */,
			);
			runOnlyForDeploymentPostprocessing = 0;
		};
		982699E31F61ECFF00B87993 /* Sources */ = {
			isa = PBXSourcesBuildPhase;
			buildActionMask = 2147483647;
			files = (
				982699EC1F61ECFF00B87993 /* YelpStudyTests.m in Sources */,
			);
			runOnlyForDeploymentPostprocessing = 0;
		};
		982699EE1F61ECFF00B87993 /* Sources */ = {
			isa = PBXSourcesBuildPhase;
			buildActionMask = 2147483647;
			files = (
				982699F71F61ECFF00B87993 /* YelpStudyUITests.m in Sources */,
			);
			runOnlyForDeploymentPostprocessing = 0;
		};
/* End PBXSourcesBuildPhase section */

/* Begin PBXTargetDependency section */
		982699E91F61ECFF00B87993 /* PBXTargetDependency */ = {
			isa = PBXTargetDependency;
			target = 982699CD1F61ECFE00B87993 /* YelpStudy */;
			targetProxy = 982699E81F61ECFF00B87993 /* PBXContainerItemProxy */;
		};
		982699F41F61ECFF00B87993 /* PBXTargetDependency */ = {
			isa = PBXTargetDependency;
			target = 982699CD1F61ECFE00B87993 /* YelpStudy */;
			targetProxy = 982699F31F61ECFF00B87993 /* PBXContainerItemProxy */;
		};
/* End PBXTargetDependency section */

/* Begin PBXVariantGroup section */
		982699DA1F61ECFF00B87993 /* Main.storyboard */ = {
			isa = PBXVariantGroup;
			children = (
				982699DB1F61ECFF00B87993 /* Base */,
			);
			name = Main.storyboard;
			sourceTree = "<group>";
		};
		982699DF1F61ECFF00B87993 /* LaunchScreen.storyboard */ = {
			isa = PBXVariantGroup;
			children = (
				982699E01F61ECFF00B87993 /* Base */,
			);
			name = LaunchScreen.storyboard;
			sourceTree = "<group>";
		};
/* End PBXVariantGroup section */

/* Begin XCBuildConfiguration section */
		982699F91F61ECFF00B87993 /* Debug */ = {
			isa = XCBuildConfiguration;
			buildSettings = {
				ALWAYS_SEARCH_USER_PATHS = NO;
				CLANG_ANALYZER_NONNULL = YES;
				CLANG_ANALYZER_NUMBER_OBJECT_CONVERSION = YES_AGGRESSIVE;
				CLANG_CXX_LANGUAGE_STANDARD = "gnu++0x";
				CLANG_CXX_LIBRARY = "libc++";
				CLANG_ENABLE_MODULES = YES;
				CLANG_ENABLE_OBJC_ARC = YES;
				CLANG_WARN_BOOL_CONVERSION = YES;
				CLANG_WARN_CONSTANT_CONVERSION = YES;
				CLANG_WARN_DIRECT_OBJC_ISA_USAGE = YES_ERROR;
				CLANG_WARN_DOCUMENTATION_COMMENTS = YES;
				CLANG_WARN_EMPTY_BODY = YES;
				CLANG_WARN_ENUM_CONVERSION = YES;
				CLANG_WARN_INFINITE_RECURSION = YES;
				CLANG_WARN_INT_CONVERSION = YES;
				CLANG_WARN_OBJC_ROOT_CLASS = YES_ERROR;
				CLANG_WARN_SUSPICIOUS_MOVE = YES;
				CLANG_WARN_UNREACHABLE_CODE = YES;
				CLANG_WARN__DUPLICATE_METHOD_MATCH = YES;
				"CODE_SIGN_IDENTITY[sdk=iphoneos*]" = "iPhone Developer";
				COPY_PHASE_STRIP = NO;
				DEBUG_INFORMATION_FORMAT = dwarf;
				ENABLE_STRICT_OBJC_MSGSEND = YES;
				ENABLE_TESTABILITY = YES;
				GCC_C_LANGUAGE_STANDARD = gnu99;
				GCC_DYNAMIC_NO_PIC = NO;
				GCC_NO_COMMON_BLOCKS = YES;
				GCC_OPTIMIZATION_LEVEL = 0;
				GCC_PREPROCESSOR_DEFINITIONS = (
					"DEBUG=1",
					"$(inherited)",
				);
				GCC_WARN_64_TO_32_BIT_CONVERSION = YES;
				GCC_WARN_ABOUT_RETURN_TYPE = YES_ERROR;
				GCC_WARN_UNDECLARED_SELECTOR = YES;
				GCC_WARN_UNINITIALIZED_AUTOS = YES_AGGRESSIVE;
				GCC_WARN_UNUSED_FUNCTION = YES;
				GCC_WARN_UNUSED_VARIABLE = YES;
				IPHONEOS_DEPLOYMENT_TARGET = 10.3;
				MTL_ENABLE_DEBUG_INFO = YES;
				ONLY_ACTIVE_ARCH = YES;
				SDKROOT = iphoneos;
				TARGETED_DEVICE_FAMILY = "1,2";
			};
			name = Debug;
		};
		982699FA1F61ECFF00B87993 /* Release */ = {
			isa = XCBuildConfiguration;
			buildSettings = {
				ALWAYS_SEARCH_USER_PATHS = NO;
				CLANG_ANALYZER_NONNULL = YES;
				CLANG_ANALYZER_NUMBER_OBJECT_CONVERSION = YES_AGGRESSIVE;
				CLANG_CXX_LANGUAGE_STANDARD = "gnu++0x";
				CLANG_CXX_LIBRARY = "libc++";
				CLANG_ENABLE_MODULES = YES;
				CLANG_ENABLE_OBJC_ARC = YES;
				CLANG_WARN_BOOL_CONVERSION = YES;
				CLANG_WARN_CONSTANT_CONVERSION = YES;
				CLANG_WARN_DIRECT_OBJC_ISA_USAGE = YES_ERROR;
				CLANG_WARN_DOCUMENTATION_COMMENTS = YES;
				CLANG_WARN_EMPTY_BODY = YES;
				CLANG_WARN_ENUM_CONVERSION = YES;
				CLANG_WARN_INFINITE_RECURSION = YES;
				CLANG_WARN_INT_CONVERSION = YES;
				CLANG_WARN_OBJC_ROOT_CLASS = YES_ERROR;
				CLANG_WARN_SUSPICIOUS_MOVE = YES;
				CLANG_WARN_UNREACHABLE_CODE = YES;
				CLANG_WARN__DUPLICATE_METHOD_MATCH = YES;
				"CODE_SIGN_IDENTITY[sdk=iphoneos*]" = "iPhone Developer";
				COPY_PHASE_STRIP = NO;
				DEBUG_INFORMATION_FORMAT = "dwarf-with-dsym";
				ENABLE_NS_ASSERTIONS = NO;
				ENABLE_STRICT_OBJC_MSGSEND = YES;
				GCC_C_LANGUAGE_STANDARD = gnu99;
				GCC_NO_COMMON_BLOCKS = YES;
				GCC_WARN_64_TO_32_BIT_CONVERSION = YES;
				GCC_WARN_ABOUT_RETURN_TYPE = YES_ERROR;
				GCC_WARN_UNDECLARED_SELECTOR = YES;
				GCC_WARN_UNINITIALIZED_AUTOS = YES_AGGRESSIVE;
				GCC_WARN_UNUSED_FUNCTION = YES;
				GCC_WARN_UNUSED_VARIABLE = YES;
				IPHONEOS_DEPLOYMENT_TARGET = 10.3;
				MTL_ENABLE_DEBUG_INFO = NO;
				SDKROOT = iphoneos;
				TARGETED_DEVICE_FAMILY = "1,2";
				VALIDATE_PRODUCT = YES;
			};
			name = Release;
		};
		982699FC1F61ECFF00B87993 /* Debug */ = {
			isa = XCBuildConfiguration;
			buildSettings = {
				ASSETCATALOG_COMPILER_APPICON_NAME = AppIcon;
				INFOPLIST_FILE = YelpStudy/Info.plist;
				LD_RUNPATH_SEARCH_PATHS = "$(inherited) @executable_path/Frameworks";
				PRODUCT_BUNDLE_IDENTIFIER = "Wenting-Ruan.YelpStudy";
				PRODUCT_NAME = "$(TARGET_NAME)";
			};
			name = Debug;
		};
		982699FD1F61ECFF00B87993 /* Release */ = {
			isa = XCBuildConfiguration;
			buildSettings = {
				ASSETCATALOG_COMPILER_APPICON_NAME = AppIcon;
				INFOPLIST_FILE = YelpStudy/Info.plist;
				LD_RUNPATH_SEARCH_PATHS = "$(inherited) @executable_path/Frameworks";
				PRODUCT_BUNDLE_IDENTIFIER = "Wenting-Ruan.YelpStudy";
				PRODUCT_NAME = "$(TARGET_NAME)";
			};
			name = Release;
		};
		982699FF1F61ECFF00B87993 /* Debug */ = {
			isa = XCBuildConfiguration;
			buildSettings = {
				BUNDLE_LOADER = "$(TEST_HOST)";
				INFOPLIST_FILE = YelpStudyTests/Info.plist;
				LD_RUNPATH_SEARCH_PATHS = "$(inherited) @executable_path/Frameworks @loader_path/Frameworks";
				PRODUCT_BUNDLE_IDENTIFIER = "Wenting-Ruan.YelpStudyTests";
				PRODUCT_NAME = "$(TARGET_NAME)";
				TEST_HOST = "$(BUILT_PRODUCTS_DIR)/YelpStudy.app/YelpStudy";
			};
			name = Debug;
		};
		98269A001F61ECFF00B87993 /* Release */ = {
			isa = XCBuildConfiguration;
			buildSettings = {
				BUNDLE_LOADER = "$(TEST_HOST)";
				INFOPLIST_FILE = YelpStudyTests/Info.plist;
				LD_RUNPATH_SEARCH_PATHS = "$(inherited) @executable_path/Frameworks @loader_path/Frameworks";
				PRODUCT_BUNDLE_IDENTIFIER = "Wenting-Ruan.YelpStudyTests";
				PRODUCT_NAME = "$(TARGET_NAME)";
				TEST_HOST = "$(BUILT_PRODUCTS_DIR)/YelpStudy.app/YelpStudy";
			};
			name = Release;
		};
		98269A021F61ECFF00B87993 /* Debug */ = {
			isa = XCBuildConfiguration;
			buildSettings = {
				INFOPLIST_FILE = YelpStudyUITests/Info.plist;
				LD_RUNPATH_SEARCH_PATHS = "$(inherited) @executable_path/Frameworks @loader_path/Frameworks";
				PRODUCT_BUNDLE_IDENTIFIER = "Wenting-Ruan.YelpStudyUITests";
				PRODUCT_NAME = "$(TARGET_NAME)";
				TEST_TARGET_NAME = YelpStudy;
			};
			name = Debug;
		};
		98269A031F61ECFF00B87993 /* Release */ = {
			isa = XCBuildConfiguration;
			buildSettings = {
				INFOPLIST_FILE = YelpStudyUITests/Info.plist;
				LD_RUNPATH_SEARCH_PATHS = "$(inherited) @executable_path/Frameworks @loader_path/Frameworks";
				PRODUCT_BUNDLE_IDENTIFIER = "Wenting-Ruan.YelpStudyUITests";
				PRODUCT_NAME = "$(TARGET_NAME)";
				TEST_TARGET_NAME = YelpStudy;
			};
			name = Release;
		};
/* End XCBuildConfiguration section */

/* Begin XCConfigurationList section */
		982699C91F61ECFE00B87993 /* Build configuration list for PBXProject "YelpStudy" */ = {
			isa = XCConfigurationList;
			buildConfigurations = (
				982699F91F61ECFF00B87993 /* Debug */,
				982699FA1F61ECFF00B87993 /* Release */,
			);
			defaultConfigurationIsVisible = 0;
			defaultConfigurationName = Release;
		};
		982699FB1F61ECFF00B87993 /* Build configuration list for PBXNativeTarget "YelpStudy" */ = {
			isa = XCConfigurationList;
			buildConfigurations = (
				982699FC1F61ECFF00B87993 /* Debug */,
				982699FD1F61ECFF00B87993 /* Release */,
			);
			defaultConfigurationIsVisible = 0;
		};
		982699FE1F61ECFF00B87993 /* Build configuration list for PBXNativeTarget "YelpStudyTests" */ = {
			isa = XCConfigurationList;
			buildConfigurations = (
				982699FF1F61ECFF00B87993 /* Debug */,
				98269A001F61ECFF00B87993 /* Release */,
			);
			defaultConfigurationIsVisible = 0;
		};
		98269A011F61ECFF00B87993 /* Build configuration list for PBXNativeTarget "YelpStudyUITests" */ = {
			isa = XCConfigurationList;
			buildConfigurations = (
				98269A021F61ECFF00B87993 /* Debug */,
				98269A031F61ECFF00B87993 /* Release */,
			);
			defaultConfigurationIsVisible = 0;
		};
/* End XCConfigurationList section */
	};
	rootObject = 982699C61F61ECFE00B87993 /* Project object */;
}
